
Microsoft Visual Studio Solution File, Format Version 12.00
# Visual Studio Version 17
VisualStudioVersion = 17.8.34330.188
MinimumVisualStudioVersion = 10.0.40219.1
Project("{8BC9CEB8-8B4A-11D0-8D11-00A0C91BC942}") = "Program", "Program.vcxproj", "{57E3534D-FD00-4843-B720-C120069BC0FC}"
EndProject
Project("{8BC9CEB8-8B4A-11D0-8D11-00A0C91BC942}") = "Class3th (Two Pointer)", "..\Class3th (Two Pointer)\Class3th (Two Pointer).vcxproj", "{426F3B19-B5D3-488A-8F7E-4203A5C74ADD}"
EndProject
Project("{8BC9CEB8-8B4A-11D0-8D11-00A0C91BC942}") = "Class1th (Insert Sort)", "..\Class1th (Insert Sort)\Class1th (Insert Sort).vcxproj", "{4C4A485A-6A9A-49DE-AD3D-B7CD4A79668E}"
EndProject
Project("{8BC9CEB8-8B4A-11D0-8D11-00A0C91BC942}") = "Class2th (Count Sort)", "..\Class2th (Count Sort)\Class2th (Count Sort).vcxproj", "{0065FB51-0F46-421D-BACC-C9D72CF82D37}"
EndProject
Global
	GlobalSection(SolutionConfigurationPlatforms) = preSolution
		Debug|x64 = Debug|x64
		Debug|x86 = Debug|x86
		Release|x64 = Release|x64
		Release|x86 = Release|x86
	EndGlobalSection
	GlobalSection(ProjectConfigurationPlatforms) = postSolution
		{57E3534D-FD00-4843-B720-C120069BC0FC}.Debug|x64.ActiveCfg = Debug|x64
		{57E3534D-FD00-4843-B720-C120069BC0FC}.Debug|x64.Build.0 = Debug|x64
		{57E3534D-FD00-4843-B720-C120069BC0FC}.Debug|x86.ActiveCfg = Debug|Win32
		{57E3534D-FD00-4843-B720-C120069BC0FC}.Debug|x86.Build.0 = Debug|Win32
		{57E3534D-FD00-4843-B720-C120069BC0FC}.Release|x64.ActiveCfg = Release|x64
		{57E3534D-FD00-4843-B720-C120069BC0FC}.Release|x64.Build.0 = Release|x64
		{57E3534D-FD00-4843-B720-C120069BC0FC}.Release|x86.ActiveCfg = Release|Win32
		{57E3534D-FD00-4843-B720-C120069BC0FC}.Release|x86.Build.0 = Release|Win32
		{426F3B19-B5D3-488A-8F7E-4203A5C74ADD}.Debug|x64.ActiveCfg = Debug|x64
		{426F3B19-B5D3-488A-8F7E-4203A5C74ADD}.Debug|x64.Build.0 = Debug|x64
		{426F3B19-B5D3-488A-8F7E-4203A5C74ADD}.Debug|x86.ActiveCfg = Debug|Win32
		{426F3B19-B5D3-488A-8F7E-4203A5C74ADD}.Debug|x86.Build.0 = Debug|Win32
		{426F3B19-B5D3-488A-8F7E-4203A5C74ADD}.Release|x64.ActiveCfg = Release|x64
		{426F3B19-B5D3-488A-8F7E-4203A5C74ADD}.Release|x64.Build.0 = Release|x64
		{426F3B19-B5D3-488A-8F7E-4203A5C74ADD}.Release|x86.ActiveCfg = Release|Win32
		{426F3B19-B5D3-488A-8F7E-4203A5C74ADD}.Release|x86.Build.0 = Release|Win32
		{4C4A485A-6A9A-49DE-AD3D-B7CD4A79668E}.Debug|x64.ActiveCfg = Debug|x64
		{4C4A485A-6A9A-49DE-AD3D-B7CD4A79668E}.Debug|x64.Build.0 = Debug|x64
		{4C4A485A-6A9A-49DE-AD3D-B7CD4A79668E}.Debug|x86.ActiveCfg = Debug|Win32
		{4C4A485A-6A9A-49DE-AD3D-B7CD4A79668E}.Debug|x86.Build.0 = Debug|Win32
		{4C4A485A-6A9A-49DE-AD3D-B7CD4A79668E}.Release|x64.ActiveCfg = Release|x64
		{4C4A485A-6A9A-49DE-AD3D-B7CD4A79668E}.Release|x64.Build.0 = Release|x64
		{4C4A485A-6A9A-49DE-AD3D-B7CD4A79668E}.Release|x86.ActiveCfg = Release|Win32
		{4C4A485A-6A9A-49DE-AD3D-B7CD4A79668E}.Release|x86.Build.0 = Release|Win32
		{0065FB51-0F46-421D-BACC-C9D72CF82D37}.Debug|x64.ActiveCfg = Debug|x64
		{0065FB51-0F46-421D-BACC-C9D72CF82D37}.Debug|x64.Build.0 = Debug|x64
		{0065FB51-0F46-421D-BACC-C9D72CF82D37}.Debug|x86.ActiveCfg = Debug|Win32
		{0065FB51-0F46-421D-BACC-C9D72CF82D37}.Debug|x86.Build.0 = Debug|Win32
		{0065FB51-0F46-421D-BACC-C9D72CF82D37}.Release|x64.ActiveCfg = Release|x64
		{0065FB51-0F46-421D-BACC-C9D72CF82D37}.Release|x64.Build.0 = Release|x64
		{0065FB51-0F46-421D-BACC-C9D72CF82D37}.Release|x86.ActiveCfg = Release|Win32
		{0065FB51-0F46-421D-BACC-C9D72CF82D37}.Release|x86.Build.0 = Release|Win32
	EndGlobalSection
	GlobalSection(SolutionProperties) = preSolution
		HideSolutionNode = FALSE
	EndGlobalSection
	GlobalSection(ExtensibilityGlobals) = postSolution
		SolutionGuid = {ACAB0677-7F63-43DF-981C-AB6C0840AE9F}
	EndGlobalSection
EndGlobal
